// !$*UTF8*$!
{
	archiveVersion = 1;
	classes = {
	};
	objectVersion = 46;
	objects = {

/* Begin PBXBuildFile section */
		8658416F1CCA0427005700A0 /* AppDelegate.swift in Sources */ = {isa = PBXBuildFile; fileRef = 8658416E1CCA0427005700A0 /* AppDelegate.swift */; };
		865841711CCA0427005700A0 /* ViewController.swift in Sources */ = {isa = PBXBuildFile; fileRef = 865841701CCA0427005700A0 /* ViewController.swift */; };
		865841741CCA0427005700A0 /* WeChatForMac.xcdatamodeld in Sources */ = {isa = PBXBuildFile; fileRef = 865841721CCA0427005700A0 /* WeChatForMac.xcdatamodeld */; };
		865841761CCA0427005700A0 /* Assets.xcassets in Resources */ = {isa = PBXBuildFile; fileRef = 865841751CCA0427005700A0 /* Assets.xcassets */; };
		865841791CCA0427005700A0 /* Main.storyboard in Resources */ = {isa = PBXBuildFile; fileRef = 865841771CCA0427005700A0 /* Main.storyboard */; };
		865841841CCA0427005700A0 /* WeChatForMacTests.swift in Sources */ = {isa = PBXBuildFile; fileRef = 865841831CCA0427005700A0 /* WeChatForMacTests.swift */; };
/* End PBXBuildFile section */

/* Begin PBXContainerItemProxy section */
		865841801CCA0427005700A0 /* PBXContainerItemProxy */ = {
			isa = PBXContainerItemProxy;
			containerPortal = 865841631CCA0427005700A0 /* Project object */;
			proxyType = 1;
			remoteGlobalIDString = 8658416A1CCA0427005700A0;
			remoteInfo = WeChatForMac;
		};
/* End PBXContainerItemProxy section */

/* Begin PBXFileReference section */
		8658416B1CCA0427005700A0 /* WeChatForMac.app */ = {isa = PBXFileReference; explicitFileType = wrapper.application; includeInIndex = 0; path = WeChatForMac.app; sourceTree = BUILT_PRODUCTS_DIR; };
		8658416E1CCA0427005700A0 /* AppDelegate.swift */ = {isa = PBXFileReference; lastKnownFileType = sourcecode.swift; path = AppDelegate.swift; sourceTree = "<group>"; };
		865841701CCA0427005700A0 /* ViewController.swift */ = {isa = PBXFileReference; lastKnownFileType = sourcecode.swift; path = ViewController.swift; sourceTree = "<group>"; };
		865841731CCA0427005700A0 /* WeChatForMac.xcdatamodel */ = {isa = PBXFileReference; lastKnownFileType = wrapper.xcdatamodel; path = WeChatForMac.xcdatamodel; sourceTree = "<group>"; };
		865841751CCA0427005700A0 /* Assets.xcassets */ = {isa = PBXFileReference; lastKnownFileType = folder.assetcatalog; path = Assets.xcassets; sourceTree = "<group>"; };
		865841781CCA0427005700A0 /* Base */ = {isa = PBXFileReference; lastKnownFileType = file.storyboard; name = Base; path = Base.lproj/Main.storyboard; sourceTree = "<group>"; };
		8658417A1CCA0427005700A0 /* Info.plist */ = {isa = PBXFileReference; lastKnownFileType = text.plist.xml; path = Info.plist; sourceTree = "<group>"; };
		8658417F1CCA0427005700A0 /* WeChatForMacTests.xctest */ = {isa = PBXFileReference; explicitFileType = wrapper.cfbundle; includeInIndex = 0; path = WeChatForMacTests.xctest; sourceTree = BUILT_PRODUCTS_DIR; };
		865841831CCA0427005700A0 /* WeChatForMacTests.swift */ = {isa = PBXFileReference; lastKnownFileType = sourcecode.swift; path = WeChatForMacTests.swift; sourceTree = "<group>"; };
		865841851CCA0427005700A0 /* Info.plist */ = {isa = PBXFileReference; lastKnownFileType = text.plist.xml; path = Info.plist; sourceTree = "<group>"; };
/* End PBXFileReference section */

/* Begin PBXFrameworksBuildPhase section */
		865841681CCA0427005700A0 /* Frameworks */ = {
			isa = PBXFrameworksBuildPhase;
			buildActionMask = 2147483647;
			files = (
			);
			runOnlyForDeploymentPostprocessing = 0;
		};
		8658417C1CCA0427005700A0 /* Frameworks */ = {
			isa = PBXFrameworksBuildPhase;
			buildActionMask = 2147483647;
			files = (
			);
			runOnlyForDeploymentPostprocessing = 0;
		};
/* End PBXFrameworksBuildPhase section */

/* Begin PBXGroup section */
		865841621CCA0427005700A0 = {
			isa = PBXGroup;
			children = (
				8658416D1CCA0427005700A0 /* WeChatForMac */,
				865841821CCA0427005700A0 /* WeChatForMacTests */,
				8658416C1CCA0427005700A0 /* Products */,
			);
			sourceTree = "<group>";
		};
		8658416C1CCA0427005700A0 /* Products */ = {
			isa = PBXGroup;
			children = (
				8658416B1CCA0427005700A0 /* WeChatForMac.app */,
				8658417F1CCA0427005700A0 /* WeChatForMacTests.xctest */,
			);
			name = Products;
			sourceTree = "<group>";
		};
		8658416D1CCA0427005700A0 /* WeChatForMac */ = {
			isa = PBXGroup;
			children = (
				8658416E1CCA0427005700A0 /* AppDelegate.swift */,
				865841701CCA0427005700A0 /* ViewController.swift */,
				865841751CCA0427005700A0 /* Assets.xcassets */,
				865841771CCA0427005700A0 /* Main.storyboard */,
				8658417A1CCA0427005700A0 /* Info.plist */,
				865841721CCA0427005700A0 /* WeChatForMac.xcdatamodeld */,
			);
			path = WeChatForMac;
			sourceTree = "<group>";
		};
		865841821CCA0427005700A0 /* WeChatForMacTests */ = {
			isa = PBXGroup;
			children = (
				865841831CCA0427005700A0 /* WeChatForMacTests.swift */,
				865841851CCA0427005700A0 /* Info.plist */,
			);
			path = WeChatForMacTests;
			sourceTree = "<group>";
		};
/* End PBXGroup section */

/* Begin PBXNativeTarget section */
		8658416A1CCA0427005700A0 /* WeChatForMac */ = {
			isa = PBXNativeTarget;
			buildConfigurationList = 865841881CCA0427005700A0 /* Build configuration list for PBXNativeTarget "WeChatForMac" */;
			buildPhases = (
				865841671CCA0427005700A0 /* Sources */,
				865841681CCA0427005700A0 /* Frameworks */,
				865841691CCA0427005700A0 /* Resources */,
			);
			buildRules = (
			);
			dependencies = (
			);
			name = WeChatForMac;
			productName = WeChatForMac;
			productReference = 8658416B1CCA0427005700A0 /* WeChatForMac.app */;
			productType = "com.apple.product-type.application";
		};
		8658417E1CCA0427005700A0 /* WeChatForMacTests */ = {
			isa = PBXNativeTarget;
			buildConfigurationList = 8658418B1CCA0427005700A0 /* Build configuration list for PBXNativeTarget "WeChatForMacTests" */;
			buildPhases = (
				8658417B1CCA0427005700A0 /* Sources */,
				8658417C1CCA0427005700A0 /* Frameworks */,
				8658417D1CCA0427005700A0 /* Resources */,
			);
			buildRules = (
			);
			dependencies = (
				865841811CCA0427005700A0 /* PBXTargetDependency */,
			);
			name = WeChatForMacTests;
			productName = WeChatForMacTests;
			productReference = 8658417F1CCA0427005700A0 /* WeChatForMacTests.xctest */;
			productType = "com.apple.product-type.bundle.unit-test";
		};
/* End PBXNativeTarget section */

/* Begin PBXProject section */
		865841631CCA0427005700A0 /* Project object */ = {
			isa = PBXProject;
			attributes = {
				LastSwiftUpdateCheck = 0730;
				LastUpgradeCheck = 0730;
				ORGANIZATIONNAME = ZouLiangming;
				TargetAttributes = {
					8658416A1CCA0427005700A0 = {
						CreatedOnToolsVersion = 7.3;
					};
					8658417E1CCA0427005700A0 = {
						CreatedOnToolsVersion = 7.3;
						TestTargetID = 8658416A1CCA0427005700A0;
					};
				};
			};
			buildConfigurationList = 865841661CCA0427005700A0 /* Build configuration list for PBXProject "WeChatForMac" */;
			compatibilityVersion = "Xcode 3.2";
			developmentRegion = English;
			hasScannedForEncodings = 0;
			knownRegions = (
				en,
				Base,
			);
			mainGroup = 865841621CCA0427005700A0;
			productRefGroup = 8658416C1CCA0427005700A0 /* Products */;
			projectDirPath = "";
			projectRoot = "";
			targets = (
				8658416A1CCA0427005700A0 /* WeChatForMac */,
				8658417E1CCA0427005700A0 /* WeChatForMacTests */,
			);
		};
/* End PBXProject section */

/* Begin PBXResourcesBuildPhase section */
		865841691CCA0427005700A0 /* Resources */ = {
			isa = PBXResourcesBuildPhase;
			buildActionMask = 2147483647;
			files = (
				865841761CCA0427005700A0 /* Assets.xcassets in Resources */,
				865841791CCA0427005700A0 /* Main.storyboard in Resources */,
			);
			runOnlyForDeploymentPostprocessing = 0;
		};
		8658417D1CCA0427005700A0 /* Resources */ = {
			isa = PBXResourcesBuildPhase;
			buildActionMask = 2147483647;
			files = (
			);
			runOnlyForDeploymentPostprocessing = 0;
		};
/* End PBXResourcesBuildPhase section */

/* Begin PBXSourcesBuildPhase section */
		865841671CCA0427005700A0 /* Sources */ = {
			isa = PBXSourcesBuildPhase;
			buildActionMask = 2147483647;
			files = (
				865841711CCA0427005700A0 /* ViewController.swift in Sources */,
				865841741CCA0427005700A0 /* WeChatForMac.xcdatamodeld in Sources */,
				8658416F1CCA0427005700A0 /* AppDelegate.swift in Sources */,
			);
			runOnlyForDeploymentPostprocessing = 0;
		};
		8658417B1CCA0427005700A0 /* Sources */ = {
			isa = PBXSourcesBuildPhase;
			buildActionMask = 2147483647;
			files = (
				865841841CCA0427005700A0 /* WeChatForMacTests.swift in Sources */,
			);
			runOnlyForDeploymentPostprocessing = 0;
		};
/* End PBXSourcesBuildPhase section */

/* Begin PBXTargetDependency section */
		865841811CCA0427005700A0 /* PBXTargetDependency */ = {
			isa = PBXTargetDependency;
			target = 8658416A1CCA0427005700A0 /* WeChatForMac */;
			targetProxy = 865841801CCA0427005700A0 /* PBXContainerItemProxy */;
		};
/* End PBXTargetDependency section */

/* Begin PBXVariantGroup section */
		865841771CCA0427005700A0 /* Main.storyboard */ = {
			isa = PBXVariantGroup;
			children = (
				865841781CCA0427005700A0 /* Base */,
			);
			name = Main.storyboard;
			sourceTree = "<group>";
		};
/* End PBXVariantGroup section */

/* Begin XCBuildConfiguration section */
		865841861CCA0427005700A0 /* Debug */ = {
			isa = XCBuildConfiguration;
			buildSettings = {
				ALWAYS_SEARCH_USER_PATHS = NO;
				CLANG_ANALYZER_NONNULL = YES;
				CLANG_CXX_LANGUAGE_STANDARD = "gnu++0x";
				CLANG_CXX_LIBRARY = "libc++";
				CLANG_ENABLE_MODULES = YES;
				CLANG_ENABLE_OBJC_ARC = YES;
				CLANG_WARN_BOOL_CONVERSION = YES;
				CLANG_WARN_CONSTANT_CONVERSION = YES;
				CLANG_WARN_DIRECT_OBJC_ISA_USAGE = YES_ERROR;
				CLANG_WARN_EMPTY_BODY = YES;
				CLANG_WARN_ENUM_CONVERSION = YES;
				CLANG_WARN_INT_CONVERSION = YES;
				CLANG_WARN_OBJC_ROOT_CLASS = YES_ERROR;
				CLANG_WARN_UNREACHABLE_CODE = YES;
				CLANG_WARN__DUPLICATE_METHOD_MATCH = YES;
				CODE_SIGN_IDENTITY = "-";
				COPY_PHASE_STRIP = NO;
				DEBUG_INFORMATION_FORMAT = dwarf;
				ENABLE_STRICT_OBJC_MSGSEND = YES;
				ENABLE_TESTABILITY = YES;
				GCC_C_LANGUAGE_STANDARD = gnu99;
				GCC_DYNAMIC_NO_PIC = NO;
				GCC_NO_COMMON_BLOCKS = YES;
				GCC_OPTIMIZATION_LEVEL = 0;
				GCC_PREPROCESSOR_DEFINITIONS = (
					"DEBUG=1",
					"$(inherited)",
				);
				GCC_WARN_64_TO_32_BIT_CONVERSION = YES;
				GCC_WARN_ABOUT_RETURN_TYPE = YES_ERROR;
				GCC_WARN_UNDECLARED_SELECTOR = YES;
				GCC_WARN_UNINITIALIZED_AUTOS = YES_AGGRESSIVE;
				GCC_WARN_UNUSED_FUNCTION = YES;
				GCC_WARN_UNUSED_VARIABLE = YES;
				MACOSX_DEPLOYMENT_TARGET = 10.11;
				MTL_ENABLE_DEBUG_INFO = YES;
				ONLY_ACTIVE_ARCH = YES;
				SDKROOT = macosx;
				SWIFT_OPTIMIZATION_LEVEL = "-Onone";
			};
			name = Debug;
		};
		865841871CCA0427005700A0 /* Release */ = {
			isa = XCBuildConfiguration;
			buildSettings = {
				ALWAYS_SEARCH_USER_PATHS = NO;
				CLANG_ANALYZER_NONNULL = YES;
				CLANG_CXX_LANGUAGE_STANDARD = "gnu++0x";
				CLANG_CXX_LIBRARY = "libc++";
				CLANG_ENABLE_MODULES = YES;
				CLANG_ENABLE_OBJC_ARC = YES;
				CLANG_WARN_BOOL_CONVERSION = YES;
				CLANG_WARN_CONSTANT_CONVERSION = YES;
				CLANG_WARN_DIRECT_OBJC_ISA_USAGE = YES_ERROR;
				CLANG_WARN_EMPTY_BODY = YES;
				CLANG_WARN_ENUM_CONVERSION = YES;
				CLANG_WARN_INT_CONVERSION = YES;
				CLANG_WARN_OBJC_ROOT_CLASS = YES_ERROR;
				CLANG_WARN_UNREACHABLE_CODE = YES;
				CLANG_WARN__DUPLICATE_METHOD_MATCH = YES;
				CODE_SIGN_IDENTITY = "-";
				COPY_PHASE_STRIP = NO;
				DEBUG_INFORMATION_FORMAT = "dwarf-with-dsym";
				ENABLE_NS_ASSERTIONS = NO;
				ENABLE_STRICT_OBJC_MSGSEND = YES;
				GCC_C_LANGUAGE_STANDARD = gnu99;
				GCC_NO_COMMON_BLOCKS = YES;
				GCC_WARN_64_TO_32_BIT_CONVERSION = YES;
				GCC_WARN_ABOUT_RETURN_TYPE = YES_ERROR;
				GCC_WARN_UNDECLARED_SELECTOR = YES;
				GCC_WARN_UNINITIALIZED_AUTOS = YES_AGGRESSIVE;
				GCC_WARN_UNUSED_FUNCTION = YES;
				GCC_WARN_UNUSED_VARIABLE = YES;
				MACOSX_DEPLOYMENT_TARGET = 10.11;
				MTL_ENABLE_DEBUG_INFO = NO;
				SDKROOT = macosx;
			};
			name = Release;
		};
		865841891CCA0427005700A0 /* Debug */ = {
			isa = XCBuildConfiguration;
			buildSettings = {
				ASSETCATALOG_COMPILER_APPICON_NAME = AppIcon;
				COMBINE_HIDPI_IMAGES = YES;
				INFOPLIST_FILE = WeChatForMac/Info.plist;
				LD_RUNPATH_SEARCH_PATHS = "$(inherited) @executable_path/../Frameworks";
				PRODUCT_BUNDLE_IDENTIFIER = com.sean.WeChatForMac;
				PRODUCT_NAME = "$(TARGET_NAME)";
			};
			name = Debug;
		};
		8658418A1CCA0427005700A0 /* Release */ = {
			isa = XCBuildConfiguration;
			buildSettings = {
				ASSETCATALOG_COMPILER_APPICON_NAME = AppIcon;
				COMBINE_HIDPI_IMAGES = YES;
				INFOPLIST_FILE = WeChatForMac/Info.plist;
				LD_RUNPATH_SEARCH_PATHS = "$(inherited) @executable_path/../Frameworks";
				PRODUCT_BUNDLE_IDENTIFIER = com.sean.WeChatForMac;
				PRODUCT_NAME = "$(TARGET_NAME)";
			};
			name = Release;
		};
		8658418C1CCA0427005700A0 /* Debug */ = {
			isa = XCBuildConfiguration;
			buildSettings = {
				BUNDLE_LOADER = "$(TEST_HOST)";
				COMBINE_HIDPI_IMAGES = YES;
				INFOPLIST_FILE = WeChatForMacTests/Info.plist;
				LD_RUNPATH_SEARCH_PATHS = "$(inherited) @executable_path/../Frameworks @loader_path/../Frameworks";
				PRODUCT_BUNDLE_IDENTIFIER = com.sean.WeChatForMacTests;
				PRODUCT_NAME = "$(TARGET_NAME)";
				TEST_HOST = "$(BUILT_PRODUCTS_DIR)/WeChatForMac.app/Contents/MacOS/WeChatForMac";
			};
			name = Debug;
		};
		8658418D1CCA0427005700A0 /* Release */ = {
			isa = XCBuildConfiguration;
			buildSettings = {
				BUNDLE_LOADER = "$(TEST_HOST)";
				COMBINE_HIDPI_IMAGES = YES;
				INFOPLIST_FILE = WeChatForMacTests/Info.plist;
				LD_RUNPATH_SEARCH_PATHS = "$(inherited) @executable_path/../Frameworks @loader_path/../Frameworks";
				PRODUCT_BUNDLE_IDENTIFIER = com.sean.WeChatForMacTests;
				PRODUCT_NAME = "$(TARGET_NAME)";
				TEST_HOST = "$(BUILT_PRODUCTS_DIR)/WeChatForMac.app/Contents/MacOS/WeChatForMac";
			};
			name = Release;
		};
/* End XCBuildConfiguration section */

/* Begin XCConfigurationList section */
		865841661CCA0427005700A0 /* Build configuration list for PBXProject "WeChatForMac" */ = {
			isa = XCConfigurationList;
			buildConfigurations = (
				865841861CCA0427005700A0 /* Debug */,
				865841871CCA0427005700A0 /* Release */,
			);
			defaultConfigurationIsVisible = 0;
			defaultConfigurationName = Release;
		};
		865841881CCA0427005700A0 /* Build configuration list for PBXNativeTarget "WeChatForMac" */ = {
			isa = XCConfigurationList;
			buildConfigurations = (
				865841891CCA0427005700A0 /* Debug */,
				8658418A1CCA0427005700A0 /* Release */,
			);
			defaultConfigurationIsVisible = 0;
		};
		8658418B1CCA0427005700A0 /* Build configuration list for PBXNativeTarget "WeChatForMacTests" */ = {
			isa = XCConfigurationList;
			buildConfigurations = (
				8658418C1CCA0427005700A0 /* Debug */,
				8658418D1CCA0427005700A0 /* Release */,
			);
			defaultConfigurationIsVisible = 0;
		};
/* End XCConfigurationList section */

/* Begin XCVersionGroup section */
		865841721CCA0427005700A0 /* WeChatForMac.xcdatamodeld */ = {
			isa = XCVersionGroup;
			children = (
				865841731CCA0427005700A0 /* WeChatForMac.xcdatamodel */,
			);
			currentVersion = 865841731CCA0427005700A0 /* WeChatForMac.xcdatamodel */;
			path = WeChatForMac.xcdatamodeld;
			sourceTree = "<group>";
			versionGroupType = wrapper.xcdatamodel;
		};
/* End XCVersionGroup section */
	};
	rootObject = 865841631CCA0427005700A0 /* Project object */;
}
